
Microsoft Visual Studio Solution File, Format Version 12.00
# Visual Studio 14
VisualStudioVersion = 14.0.25123.0
MinimumVisualStudioVersion = 10.0.40219.1
Project("{FAE04EC0-301F-11D3-BF4B-00C04F79EFBC}") = "JabberBCIT", "JabberBCIT\JabberBCIT.csproj", "{BD106D1B-E288-4E95-967D-A16B5EF2C085}"
EndProject
Project("{FAE04EC0-301F-11D3-BF4B-00C04F79EFBC}") = "JabberBCIT.Tests", "JabberBCIT.Tests\JabberBCIT.Tests.csproj", "{881D8E99-0E55-48D2-A46D-9BDF8A15BB79}"
EndProject
Global
	GlobalSection(SolutionConfigurationPlatforms) = preSolution
		Debug|Any CPU = Debug|Any CPU
		Release|Any CPU = Release|Any CPU
	EndGlobalSection
	GlobalSection(ProjectConfigurationPlatforms) = postSolution
		{BD106D1B-E288-4E95-967D-A16B5EF2C085}.Debug|Any CPU.ActiveCfg = Debug|Any CPU
		{BD106D1B-E288-4E95-967D-A16B5EF2C085}.Debug|Any CPU.Build.0 = Debug|Any CPU
		{BD106D1B-E288-4E95-967D-A16B5EF2C085}.Release|Any CPU.ActiveCfg = Release|Any CPU
		{BD106D1B-E288-4E95-967D-A16B5EF2C085}.Release|Any CPU.Build.0 = Release|Any CPU
		{881D8E99-0E55-48D2-A46D-9BDF8A15BB79}.Debug|Any CPU.ActiveCfg = Debug|Any CPU
		{881D8E99-0E55-48D2-A46D-9BDF8A15BB79}.Debug|Any CPU.Build.0 = Debug|Any CPU
		{881D8E99-0E55-48D2-A46D-9BDF8A15BB79}.Release|Any CPU.ActiveCfg = Release|Any CPU
		{881D8E99-0E55-48D2-A46D-9BDF8A15BB79}.Release|Any CPU.Build.0 = Release|Any CPU
	EndGlobalSection
	GlobalSection(SolutionProperties) = preSolution
		HideSolutionNode = FALSE
	EndGlobalSection
EndGlobal
